
Microsoft Visual Studio Solution File, Format Version 12.00
# Visual Studio Version 16
VisualStudioVersion = 16.0.34601.136
MinimumVisualStudioVersion = 10.0.40219.1
Project("{FAE04EC0-301F-11D3-BF4B-00C04F79EFBC}") = "DAO", "DAO\DAO.csproj", "{1169926D-8BFA-42D0-A366-76F13105016E}"
EndProject
Project("{FAE04EC0-301F-11D3-BF4B-00C04F79EFBC}") = "GUI", "GUI\GUI.csproj", "{B115C3DA-B2AE-460D-87F7-5B83DB2026E0}"
EndProject
Project("{FAE04EC0-301F-11D3-BF4B-00C04F79EFBC}") = "DTO", "DTO\DTO.csproj", "{035F1061-E4F7-4C18-AA00-7D80772D9818}"
EndProject
Project("{FAE04EC0-301F-11D3-BF4B-00C04F79EFBC}") = "BUS", "BUS\BUS.csproj", "{2A7CBD87-8772-4294-9F0D-F5B79A639634}"
EndProject
Global
	GlobalSection(SolutionConfigurationPlatforms) = preSolution
		Debug|Any CPU = Debug|Any CPU
		Release|Any CPU = Release|Any CPU
	EndGlobalSection
	GlobalSection(ProjectConfigurationPlatforms) = postSolution
		{1169926D-8BFA-42D0-A366-76F13105016E}.Debug|Any CPU.ActiveCfg = Debug|Any CPU
		{1169926D-8BFA-42D0-A366-76F13105016E}.Debug|Any CPU.Build.0 = Debug|Any CPU
		{1169926D-8BFA-42D0-A366-76F13105016E}.Release|Any CPU.ActiveCfg = Release|Any CPU
		{1169926D-8BFA-42D0-A366-76F13105016E}.Release|Any CPU.Build.0 = Release|Any CPU
		{B115C3DA-B2AE-460D-87F7-5B83DB2026E0}.Debug|Any CPU.ActiveCfg = Debug|Any CPU
		{B115C3DA-B2AE-460D-87F7-5B83DB2026E0}.Debug|Any CPU.Build.0 = Debug|Any CPU
		{B115C3DA-B2AE-460D-87F7-5B83DB2026E0}.Release|Any CPU.ActiveCfg = Release|Any CPU
		{B115C3DA-B2AE-460D-87F7-5B83DB2026E0}.Release|Any CPU.Build.0 = Release|Any CPU
		{035F1061-E4F7-4C18-AA00-7D80772D9818}.Debug|Any CPU.ActiveCfg = Debug|Any CPU
		{035F1061-E4F7-4C18-AA00-7D80772D9818}.Debug|Any CPU.Build.0 = Debug|Any CPU
		{035F1061-E4F7-4C18-AA00-7D80772D9818}.Release|Any CPU.ActiveCfg = Release|Any CPU
		{035F1061-E4F7-4C18-AA00-7D80772D9818}.Release|Any CPU.Build.0 = Release|Any CPU
		{2A7CBD87-8772-4294-9F0D-F5B79A639634}.Debug|Any CPU.ActiveCfg = Debug|Any CPU
		{2A7CBD87-8772-4294-9F0D-F5B79A639634}.Debug|Any CPU.Build.0 = Debug|Any CPU
		{2A7CBD87-8772-4294-9F0D-F5B79A639634}.Release|Any CPU.ActiveCfg = Release|Any CPU
		{2A7CBD87-8772-4294-9F0D-F5B79A639634}.Release|Any CPU.Build.0 = Release|Any CPU
	EndGlobalSection
	GlobalSection(SolutionProperties) = preSolution
		HideSolutionNode = FALSE
	EndGlobalSection
	GlobalSection(ExtensibilityGlobals) = postSolution
		SolutionGuid = {15B2E5A4-6DA9-4D65-B89C-E41B12C4C533}
	EndGlobalSection
EndGlobal
